// !$*UTF8*$!
{
	archiveVersion = 1;
	classes = {
	};
	objectVersion = 46;
	objects = {

/* Begin PBXBuildFile section */
		C8A9EF371D5254FD005CC9AC /* AppDelegate.swift in Sources */ = {isa = PBXBuildFile; fileRef = C8A9EF361D5254FD005CC9AC /* AppDelegate.swift */; };
		C8A9EF391D5254FD005CC9AC /* ViewController.swift in Sources */ = {isa = PBXBuildFile; fileRef = C8A9EF381D5254FD005CC9AC /* ViewController.swift */; };
		C8A9EF3C1D5254FD005CC9AC /* Main.storyboard in Resources */ = {isa = PBXBuildFile; fileRef = C8A9EF3A1D5254FD005CC9AC /* Main.storyboard */; };
		C8A9EF3E1D5254FD005CC9AC /* Assets.xcassets in Resources */ = {isa = PBXBuildFile; fileRef = C8A9EF3D1D5254FD005CC9AC /* Assets.xcassets */; };
		C8A9EF411D5254FE005CC9AC /* LaunchScreen.storyboard in Resources */ = {isa = PBXBuildFile; fileRef = C8A9EF3F1D5254FE005CC9AC /* LaunchScreen.storyboard */; };
		C8A9EF491D5256AC005CC9AC /* UberRideCallViewController.swift in Sources */ = {isa = PBXBuildFile; fileRef = C8A9EF481D5256AC005CC9AC /* UberRideCallViewController.swift */; };
		C8A9EF521D52656B005CC9AC /* AZNotification.m in Sources */ = {isa = PBXBuildFile; fileRef = C8A9EF4D1D52656B005CC9AC /* AZNotification.m */; };
		C8A9EF531D52656B005CC9AC /* AZNotificationView.m in Sources */ = {isa = PBXBuildFile; fileRef = C8A9EF4F1D52656B005CC9AC /* AZNotificationView.m */; };
		C8A9EF541D52656B005CC9AC /* UIColor+Additions.m in Sources */ = {isa = PBXBuildFile; fileRef = C8A9EF511D52656B005CC9AC /* UIColor+Additions.m */; };
/* End PBXBuildFile section */

/* Begin PBXFileReference section */
		C8A9EF331D5254FD005CC9AC /* UberRideCall.app */ = {isa = PBXFileReference; explicitFileType = wrapper.application; includeInIndex = 0; path = UberRideCall.app; sourceTree = BUILT_PRODUCTS_DIR; };
		C8A9EF361D5254FD005CC9AC /* AppDelegate.swift */ = {isa = PBXFileReference; lastKnownFileType = sourcecode.swift; path = AppDelegate.swift; sourceTree = "<group>"; };
		C8A9EF381D5254FD005CC9AC /* ViewController.swift */ = {isa = PBXFileReference; lastKnownFileType = sourcecode.swift; path = ViewController.swift; sourceTree = "<group>"; };
		C8A9EF3B1D5254FD005CC9AC /* Base */ = {isa = PBXFileReference; lastKnownFileType = file.storyboard; name = Base; path = Base.lproj/Main.storyboard; sourceTree = "<group>"; };
		C8A9EF3D1D5254FD005CC9AC /* Assets.xcassets */ = {isa = PBXFileReference; lastKnownFileType = folder.assetcatalog; path = Assets.xcassets; sourceTree = "<group>"; };
		C8A9EF401D5254FE005CC9AC /* Base */ = {isa = PBXFileReference; lastKnownFileType = file.storyboard; name = Base; path = Base.lproj/LaunchScreen.storyboard; sourceTree = "<group>"; };
		C8A9EF421D5254FE005CC9AC /* Info.plist */ = {isa = PBXFileReference; lastKnownFileType = text.plist.xml; path = Info.plist; sourceTree = "<group>"; };
		C8A9EF481D5256AC005CC9AC /* UberRideCallViewController.swift */ = {isa = PBXFileReference; fileEncoding = 4; lastKnownFileType = sourcecode.swift; path = UberRideCallViewController.swift; sourceTree = "<group>"; };
		C8A9EF4B1D52656A005CC9AC /* UberRideCall-Bridging-Header.h */ = {isa = PBXFileReference; lastKnownFileType = sourcecode.c.h; path = "UberRideCall-Bridging-Header.h"; sourceTree = "<group>"; };
		C8A9EF4C1D52656B005CC9AC /* AZNotification.h */ = {isa = PBXFileReference; fileEncoding = 4; lastKnownFileType = sourcecode.c.h; path = AZNotification.h; sourceTree = "<group>"; };
		C8A9EF4D1D52656B005CC9AC /* AZNotification.m */ = {isa = PBXFileReference; fileEncoding = 4; lastKnownFileType = sourcecode.c.objc; path = AZNotification.m; sourceTree = "<group>"; };
		C8A9EF4E1D52656B005CC9AC /* AZNotificationView.h */ = {isa = PBXFileReference; fileEncoding = 4; lastKnownFileType = sourcecode.c.h; path = AZNotificationView.h; sourceTree = "<group>"; };
		C8A9EF4F1D52656B005CC9AC /* AZNotificationView.m */ = {isa = PBXFileReference; fileEncoding = 4; lastKnownFileType = sourcecode.c.objc; path = AZNotificationView.m; sourceTree = "<group>"; };
		C8A9EF501D52656B005CC9AC /* UIColor+Additions.h */ = {isa = PBXFileReference; fileEncoding = 4; lastKnownFileType = sourcecode.c.h; path = "UIColor+Additions.h"; sourceTree = "<group>"; };
		C8A9EF511D52656B005CC9AC /* UIColor+Additions.m */ = {isa = PBXFileReference; fileEncoding = 4; lastKnownFileType = sourcecode.c.objc; path = "UIColor+Additions.m"; sourceTree = "<group>"; };
/* End PBXFileReference section */

/* Begin PBXFrameworksBuildPhase section */
		C8A9EF301D5254FD005CC9AC /* Frameworks */ = {
			isa = PBXFrameworksBuildPhase;
			buildActionMask = 2147483647;
			files = (
			);
			runOnlyForDeploymentPostprocessing = 0;
		};
/* End PBXFrameworksBuildPhase section */

/* Begin PBXGroup section */
		C8A9EF2A1D5254FD005CC9AC = {
			isa = PBXGroup;
			children = (
				C8A9EF351D5254FD005CC9AC /* UberRideCall */,
				C8A9EF341D5254FD005CC9AC /* Products */,
			);
			sourceTree = "<group>";
		};
		C8A9EF341D5254FD005CC9AC /* Products */ = {
			isa = PBXGroup;
			children = (
				C8A9EF331D5254FD005CC9AC /* UberRideCall.app */,
			);
			name = Products;
			sourceTree = "<group>";
		};
		C8A9EF351D5254FD005CC9AC /* UberRideCall */ = {
			isa = PBXGroup;
			children = (
				C8A9EF361D5254FD005CC9AC /* AppDelegate.swift */,
				C8A9EF381D5254FD005CC9AC /* ViewController.swift */,
				C8A9EF3A1D5254FD005CC9AC /* Main.storyboard */,
				C8A9EF481D5256AC005CC9AC /* UberRideCallViewController.swift */,
				C8A9EF3D1D5254FD005CC9AC /* Assets.xcassets */,
				C8A9EF3F1D5254FE005CC9AC /* LaunchScreen.storyboard */,
				C8A9EF421D5254FE005CC9AC /* Info.plist */,
				C8A9EF4A1D526504005CC9AC /* AZNotification */,
			);
			path = UberRideCall;
			sourceTree = "<group>";
		};
		C8A9EF4A1D526504005CC9AC /* AZNotification */ = {
			isa = PBXGroup;
			children = (
				C8A9EF4C1D52656B005CC9AC /* AZNotification.h */,
				C8A9EF4D1D52656B005CC9AC /* AZNotification.m */,
				C8A9EF4E1D52656B005CC9AC /* AZNotificationView.h */,
				C8A9EF4F1D52656B005CC9AC /* AZNotificationView.m */,
				C8A9EF501D52656B005CC9AC /* UIColor+Additions.h */,
				C8A9EF511D52656B005CC9AC /* UIColor+Additions.m */,
				C8A9EF4B1D52656A005CC9AC /* UberRideCall-Bridging-Header.h */,
			);
			name = AZNotification;
			sourceTree = "<group>";
		};
/* End PBXGroup section */

/* Begin PBXNativeTarget section */
		C8A9EF321D5254FD005CC9AC /* UberRideCall */ = {
			isa = PBXNativeTarget;
			buildConfigurationList = C8A9EF451D5254FE005CC9AC /* Build configuration list for PBXNativeTarget "UberRideCall" */;
			buildPhases = (
				C8A9EF2F1D5254FD005CC9AC /* Sources */,
				C8A9EF301D5254FD005CC9AC /* Frameworks */,
				C8A9EF311D5254FD005CC9AC /* Resources */,
			);
			buildRules = (
			);
			dependencies = (
			);
			name = UberRideCall;
			productName = UberRideCall;
			productReference = C8A9EF331D5254FD005CC9AC /* UberRideCall.app */;
			productType = "com.apple.product-type.application";
		};
/* End PBXNativeTarget section */

/* Begin PBXProject section */
		C8A9EF2B1D5254FD005CC9AC /* Project object */ = {
			isa = PBXProject;
			attributes = {
				LastSwiftUpdateCheck = 0730;
				LastUpgradeCheck = 0730;
				ORGANIZATIONNAME = "Toleen Jaradat";
				TargetAttributes = {
					C8A9EF321D5254FD005CC9AC = {
						CreatedOnToolsVersion = 7.3.1;
					};
				};
			};
			buildConfigurationList = C8A9EF2E1D5254FD005CC9AC /* Build configuration list for PBXProject "UberRideCall" */;
			compatibilityVersion = "Xcode 3.2";
			developmentRegion = English;
			hasScannedForEncodings = 0;
			knownRegions = (
				en,
				Base,
			);
			mainGroup = C8A9EF2A1D5254FD005CC9AC;
			productRefGroup = C8A9EF341D5254FD005CC9AC /* Products */;
			projectDirPath = "";
			projectRoot = "";
			targets = (
				C8A9EF321D5254FD005CC9AC /* UberRideCall */,
			);
		};
/* End PBXProject section */

/* Begin PBXResourcesBuildPhase section */
		C8A9EF311D5254FD005CC9AC /* Resources */ = {
			isa = PBXResourcesBuildPhase;
			buildActionMask = 2147483647;
			files = (
				C8A9EF411D5254FE005CC9AC /* LaunchScreen.storyboard in Resources */,
				C8A9EF3E1D5254FD005CC9AC /* Assets.xcassets in Resources */,
				C8A9EF3C1D5254FD005CC9AC /* Main.storyboard in Resources */,
			);
			runOnlyForDeploymentPostprocessing = 0;
		};
/* End PBXResourcesBuildPhase section */

/* Begin PBXSourcesBuildPhase section */
		C8A9EF2F1D5254FD005CC9AC /* Sources */ = {
			isa = PBXSourcesBuildPhase;
			buildActionMask = 2147483647;
			files = (
				C8A9EF391D5254FD005CC9AC /* ViewController.swift in Sources */,
				C8A9EF521D52656B005CC9AC /* AZNotification.m in Sources */,
				C8A9EF531D52656B005CC9AC /* AZNotificationView.m in Sources */,
				C8A9EF371D5254FD005CC9AC /* AppDelegate.swift in Sources */,
				C8A9EF491D5256AC005CC9AC /* UberRideCallViewController.swift in Sources */,
				C8A9EF541D52656B005CC9AC /* UIColor+Additions.m in Sources */,
			);
			runOnlyForDeploymentPostprocessing = 0;
		};
/* End PBXSourcesBuildPhase section */

/* Begin PBXVariantGroup section */
		C8A9EF3A1D5254FD005CC9AC /* Main.storyboard */ = {
			isa = PBXVariantGroup;
			children = (
				C8A9EF3B1D5254FD005CC9AC /* Base */,
			);
			name = Main.storyboard;
			sourceTree = "<group>";
		};
		C8A9EF3F1D5254FE005CC9AC /* LaunchScreen.storyboard */ = {
			isa = PBXVariantGroup;
			children = (
				C8A9EF401D5254FE005CC9AC /* Base */,
			);
			name = LaunchScreen.storyboard;
			sourceTree = "<group>";
		};
/* End PBXVariantGroup section */

/* Begin XCBuildConfiguration section */
		C8A9EF431D5254FE005CC9AC /* Debug */ = {
			isa = XCBuildConfiguration;
			buildSettings = {
				ALWAYS_SEARCH_USER_PATHS = NO;
				CLANG_ANALYZER_NONNULL = YES;
				CLANG_CXX_LANGUAGE_STANDARD = "gnu++0x";
				CLANG_CXX_LIBRARY = "libc++";
				CLANG_ENABLE_MODULES = YES;
				CLANG_ENABLE_OBJC_ARC = YES;
				CLANG_WARN_BOOL_CONVERSION = YES;
				CLANG_WARN_CONSTANT_CONVERSION = YES;
				CLANG_WARN_DIRECT_OBJC_ISA_USAGE = YES_ERROR;
				CLANG_WARN_EMPTY_BODY = YES;
				CLANG_WARN_ENUM_CONVERSION = YES;
				CLANG_WARN_INT_CONVERSION = YES;
				CLANG_WARN_OBJC_ROOT_CLASS = YES_ERROR;
				CLANG_WARN_UNREACHABLE_CODE = YES;
				CLANG_WARN__DUPLICATE_METHOD_MATCH = YES;
				"CODE_SIGN_IDENTITY[sdk=iphoneos*]" = "iPhone Developer";
				COPY_PHASE_STRIP = NO;
				DEBUG_INFORMATION_FORMAT = dwarf;
				ENABLE_STRICT_OBJC_MSGSEND = YES;
				ENABLE_TESTABILITY = YES;
				GCC_C_LANGUAGE_STANDARD = gnu99;
				GCC_DYNAMIC_NO_PIC = NO;
				GCC_NO_COMMON_BLOCKS = YES;
				GCC_OPTIMIZATION_LEVEL = 0;
				GCC_PREPROCESSOR_DEFINITIONS = (
					"DEBUG=1",
					"$(inherited)",
				);
				GCC_WARN_64_TO_32_BIT_CONVERSION = YES;
				GCC_WARN_ABOUT_RETURN_TYPE = YES_ERROR;
				GCC_WARN_UNDECLARED_SELECTOR = YES;
				GCC_WARN_UNINITIALIZED_AUTOS = YES_AGGRESSIVE;
				GCC_WARN_UNUSED_FUNCTION = YES;
				GCC_WARN_UNUSED_VARIABLE = YES;
				IPHONEOS_DEPLOYMENT_TARGET = 9.3;
				MTL_ENABLE_DEBUG_INFO = YES;
				ONLY_ACTIVE_ARCH = YES;
				SDKROOT = iphoneos;
				SWIFT_OPTIMIZATION_LEVEL = "-Onone";
				TARGETED_DEVICE_FAMILY = "1,2";
			};
			name = Debug;
		};
		C8A9EF441D5254FE005CC9AC /* Release */ = {
			isa = XCBuildConfiguration;
			buildSettings = {
				ALWAYS_SEARCH_USER_PATHS = NO;
				CLANG_ANALYZER_NONNULL = YES;
				CLANG_CXX_LANGUAGE_STANDARD = "gnu++0x";
				CLANG_CXX_LIBRARY = "libc++";
				CLANG_ENABLE_MODULES = YES;
				CLANG_ENABLE_OBJC_ARC = YES;
				CLANG_WARN_BOOL_CONVERSION = YES;
				CLANG_WARN_CONSTANT_CONVERSION = YES;
				CLANG_WARN_DIRECT_OBJC_ISA_USAGE = YES_ERROR;
				CLANG_WARN_EMPTY_BODY = YES;
				CLANG_WARN_ENUM_CONVERSION = YES;
				CLANG_WARN_INT_CONVERSION = YES;
				CLANG_WARN_OBJC_ROOT_CLASS = YES_ERROR;
				CLANG_WARN_UNREACHABLE_CODE = YES;
				CLANG_WARN__DUPLICATE_METHOD_MATCH = YES;
				"CODE_SIGN_IDENTITY[sdk=iphoneos*]" = "iPhone Developer";
				COPY_PHASE_STRIP = NO;
				DEBUG_INFORMATION_FORMAT = "dwarf-with-dsym";
				ENABLE_NS_ASSERTIONS = NO;
				ENABLE_STRICT_OBJC_MSGSEND = YES;
				GCC_C_LANGUAGE_STANDARD = gnu99;
				GCC_NO_COMMON_BLOCKS = YES;
				GCC_WARN_64_TO_32_BIT_CONVERSION = YES;
				GCC_WARN_ABOUT_RETURN_TYPE = YES_ERROR;
				GCC_WARN_UNDECLARED_SELECTOR = YES;
				GCC_WARN_UNINITIALIZED_AUTOS = YES_AGGRESSIVE;
				GCC_WARN_UNUSED_FUNCTION = YES;
				GCC_WARN_UNUSED_VARIABLE = YES;
				IPHONEOS_DEPLOYMENT_TARGET = 9.3;
				MTL_ENABLE_DEBUG_INFO = NO;
				SDKROOT = iphoneos;
				TARGETED_DEVICE_FAMILY = "1,2";
				VALIDATE_PRODUCT = YES;
			};
			name = Release;
		};
		C8A9EF461D5254FE005CC9AC /* Debug */ = {
			isa = XCBuildConfiguration;
			buildSettings = {
				ASSETCATALOG_COMPILER_APPICON_NAME = AppIcon;
				CLANG_ENABLE_MODULES = YES;
				INFOPLIST_FILE = UberRideCall/Info.plist;
				LD_RUNPATH_SEARCH_PATHS = "$(inherited) @executable_path/Frameworks";
				PRODUCT_BUNDLE_IDENTIFIER = applan.UberRideCall;
				PRODUCT_NAME = "$(TARGET_NAME)";
				SWIFT_OBJC_BRIDGING_HEADER = "UberRideCall/UberRideCall-Bridging-Header.h";
				SWIFT_OPTIMIZATION_LEVEL = "-Onone";
			};
			name = Debug;
		};
		C8A9EF471D5254FE005CC9AC /* Release */ = {
			isa = XCBuildConfiguration;
			buildSettings = {
				ASSETCATALOG_COMPILER_APPICON_NAME = AppIcon;
				CLANG_ENABLE_MODULES = YES;
				INFOPLIST_FILE = UberRideCall/Info.plist;
				LD_RUNPATH_SEARCH_PATHS = "$(inherited) @executable_path/Frameworks";
				PRODUCT_BUNDLE_IDENTIFIER = applan.UberRideCall;
				PRODUCT_NAME = "$(TARGET_NAME)";
				SWIFT_OBJC_BRIDGING_HEADER = "UberRideCall/UberRideCall-Bridging-Header.h";
			};
			name = Release;
		};
/* End XCBuildConfiguration section */

/* Begin XCConfigurationList section */
		C8A9EF2E1D5254FD005CC9AC /* Build configuration list for PBXProject "UberRideCall" */ = {
			isa = XCConfigurationList;
			buildConfigurations = (
				C8A9EF431D5254FE005CC9AC /* Debug */,
				C8A9EF441D5254FE005CC9AC /* Release */,
			);
			defaultConfigurationIsVisible = 0;
			defaultConfigurationName = Release;
		};
		C8A9EF451D5254FE005CC9AC /* Build configuration list for PBXNativeTarget "UberRideCall" */ = {
			isa = XCConfigurationList;
			buildConfigurations = (
				C8A9EF461D5254FE005CC9AC /* Debug */,
				C8A9EF471D5254FE005CC9AC /* Release */,
			);
			defaultConfigurationIsVisible = 0;
		};
/* End XCConfigurationList section */
	};
	rootObject = C8A9EF2B1D5254FD005CC9AC /* Project object */;
}
